// !$*UTF8*$!
{
	archiveVersion = 1;
	classes = {
	};
	objectVersion = 52;
	objects = {

/* Begin PBXBuildFile section */
		FA2736A1260DBFF400383ECA /* GameEntity.swift in Sources */ = {isa = PBXBuildFile; fileRef = FA2736A0260DBFF400383ECA /* GameEntity.swift */; };
		FA2736AB260DC17A00383ECA /* GameModel.swift in Sources */ = {isa = PBXBuildFile; fileRef = FA2736AA260DC17A00383ECA /* GameModel.swift */; };
		FA2736B1260DC84000383ECA /* RemoteDataSource.swift in Sources */ = {isa = PBXBuildFile; fileRef = FA2736B0260DC84000383ECA /* RemoteDataSource.swift */; };
		FA2736B8260DC8C800383ECA /* ApiCall.swift in Sources */ = {isa = PBXBuildFile; fileRef = FA2736B7260DC8C800383ECA /* ApiCall.swift */; };
		FA2736BC260DCD0C00383ECA /* CustomError+Ext.swift in Sources */ = {isa = PBXBuildFile; fileRef = FA2736BB260DCD0C00383ECA /* CustomError+Ext.swift */; };
		FA2736C0260DCD5200383ECA /* LocaleDataSource.swift in Sources */ = {isa = PBXBuildFile; fileRef = FA2736BF260DCD5200383ECA /* LocaleDataSource.swift */; };
		FA2736C4260DCDB400383ECA /* GameFavoritEntity.swift in Sources */ = {isa = PBXBuildFile; fileRef = FA2736C3260DCDB400383ECA /* GameFavoritEntity.swift */; };
		FA2736C8260DCE1800383ECA /* UserEntity.swift in Sources */ = {isa = PBXBuildFile; fileRef = FA2736C7260DCE1800383ECA /* UserEntity.swift */; };
		FA2736CC260DCE5C00383ECA /* Realm+Ext.swift in Sources */ = {isa = PBXBuildFile; fileRef = FA2736CB260DCE5C00383ECA /* Realm+Ext.swift */; };
		FA2736D0260DCEC700383ECA /* GameFavoriteModel.swift in Sources */ = {isa = PBXBuildFile; fileRef = FA2736CF260DCEC700383ECA /* GameFavoriteModel.swift */; };
		FA2736D4260DCEDE00383ECA /* UserModel.swift in Sources */ = {isa = PBXBuildFile; fileRef = FA2736D3260DCEDE00383ECA /* UserModel.swift */; };
		FA2736D8260DCF1100383ECA /* GameMapper.swift in Sources */ = {isa = PBXBuildFile; fileRef = FA2736D7260DCF1100383ECA /* GameMapper.swift */; };
		FA4899C026131A9300E4B949 /* .swiftlint.yml in Resources */ = {isa = PBXBuildFile; fileRef = FA4899BF26131A9300E4B949 /* .swiftlint.yml */; };
		FA75853A2614238D007F5488 /* FavoriteMapper.swift in Sources */ = {isa = PBXBuildFile; fileRef = FA7585392614238D007F5488 /* FavoriteMapper.swift */; };
		FA75853E26142503007F5488 /* GameMapper+Ext.swift in Sources */ = {isa = PBXBuildFile; fileRef = FA75853D26142503007F5488 /* GameMapper+Ext.swift */; };
		FA75854726142B3E007F5488 /* DetailView.swift in Sources */ = {isa = PBXBuildFile; fileRef = FA75854626142B3E007F5488 /* DetailView.swift */; };
		FA75854B26142B51007F5488 /* DetailPresenter.swift in Sources */ = {isa = PBXBuildFile; fileRef = FA75854A26142B51007F5488 /* DetailPresenter.swift */; };
		FA75854F26142E8A007F5488 /* DetailHeader.swift in Sources */ = {isa = PBXBuildFile; fileRef = FA75854E26142E8A007F5488 /* DetailHeader.swift */; };
		FA7585532614319C007F5488 /* HomeRouter.swift in Sources */ = {isa = PBXBuildFile; fileRef = FA7585522614319C007F5488 /* HomeRouter.swift */; };
		FA7585572614410A007F5488 /* DetailSsRow.swift in Sources */ = {isa = PBXBuildFile; fileRef = FA7585562614410A007F5488 /* DetailSsRow.swift */; };
		FA75855B26146276007F5488 /* GameNewestEntity.swift in Sources */ = {isa = PBXBuildFile; fileRef = FA75855A26146276007F5488 /* GameNewestEntity.swift */; };
		FA75856126146F34007F5488 /* HomeNewestRow.swift in Sources */ = {isa = PBXBuildFile; fileRef = FA75856026146F34007F5488 /* HomeNewestRow.swift */; };
		FA7585652614818A007F5488 /* View+Ext.swift in Sources */ = {isa = PBXBuildFile; fileRef = FA7585642614818A007F5488 /* View+Ext.swift */; };
		FA75856D26149784007F5488 /* SearchPresenter.swift in Sources */ = {isa = PBXBuildFile; fileRef = FA75856C26149784007F5488 /* SearchPresenter.swift */; };
		FA75857126149794007F5488 /* SearchView.swift in Sources */ = {isa = PBXBuildFile; fileRef = FA75857026149794007F5488 /* SearchView.swift */; };
		FA9CE6422611A9C50065EC19 /* Injection.swift in Sources */ = {isa = PBXBuildFile; fileRef = FA9CE6412611A9C50065EC19 /* Injection.swift */; };
		FA9CE6462611A9DA0065EC19 /* HomeInteractor.swift in Sources */ = {isa = PBXBuildFile; fileRef = FA9CE6452611A9DA0065EC19 /* HomeInteractor.swift */; };
		FA9CE64A2611AA3F0065EC19 /* Detailinteractor.swift in Sources */ = {isa = PBXBuildFile; fileRef = FA9CE6492611AA3F0065EC19 /* Detailinteractor.swift */; };
		FA9CE64E2611AA7B0065EC19 /* FavoriteInteractor.swift in Sources */ = {isa = PBXBuildFile; fileRef = FA9CE64D2611AA7A0065EC19 /* FavoriteInteractor.swift */; };
		FA9CE6522611AAEA0065EC19 /* HomeInteractorMock.swift in Sources */ = {isa = PBXBuildFile; fileRef = FA9CE6512611AAEA0065EC19 /* HomeInteractorMock.swift */; };
		FA9CE6562611AB2E0065EC19 /* UserInteractor.swift in Sources */ = {isa = PBXBuildFile; fileRef = FA9CE6552611AB2E0065EC19 /* UserInteractor.swift */; };
		FA9CE65E2611AB7E0065EC19 /* HomePresenter.swift in Sources */ = {isa = PBXBuildFile; fileRef = FA9CE65D2611AB7E0065EC19 /* HomePresenter.swift */; };
		FA9CE6622611AC210065EC19 /* HomeView.swift in Sources */ = {isa = PBXBuildFile; fileRef = FA9CE6612611AC210065EC19 /* HomeView.swift */; };
		FA9CE6682611C3E80065EC19 /* HomeHeader.swift in Sources */ = {isa = PBXBuildFile; fileRef = FA9CE6672611C3E80065EC19 /* HomeHeader.swift */; };
		FA9CE66C2611C42D0065EC19 /* Color+Ext.swift in Sources */ = {isa = PBXBuildFile; fileRef = FA9CE66B2611C42D0065EC19 /* Color+Ext.swift */; };
		FA9CE6712611D9030065EC19 /* SearchBar.swift in Sources */ = {isa = PBXBuildFile; fileRef = FA9CE6702611D9030065EC19 /* SearchBar.swift */; };
		FA9CE6752611E3A50065EC19 /* HomePopularRow.swift in Sources */ = {isa = PBXBuildFile; fileRef = FA9CE6742611E3A50065EC19 /* HomePopularRow.swift */; };
		FADB001A260C850C00FBC4A0 /* AppDelegate.swift in Sources */ = {isa = PBXBuildFile; fileRef = FADB0019260C850C00FBC4A0 /* AppDelegate.swift */; };
		FADB001C260C850C00FBC4A0 /* SceneDelegate.swift in Sources */ = {isa = PBXBuildFile; fileRef = FADB001B260C850C00FBC4A0 /* SceneDelegate.swift */; };
		FADB001E260C850C00FBC4A0 /* ContentView.swift in Sources */ = {isa = PBXBuildFile; fileRef = FADB001D260C850C00FBC4A0 /* ContentView.swift */; };
		FADB0020260C850F00FBC4A0 /* Assets.xcassets in Resources */ = {isa = PBXBuildFile; fileRef = FADB001F260C850F00FBC4A0 /* Assets.xcassets */; };
		FADB0023260C850F00FBC4A0 /* Preview Assets.xcassets in Resources */ = {isa = PBXBuildFile; fileRef = FADB0022260C850F00FBC4A0 /* Preview Assets.xcassets */; };
		FADB0026260C850F00FBC4A0 /* LaunchScreen.storyboard in Resources */ = {isa = PBXBuildFile; fileRef = FADB0024260C850F00FBC4A0 /* LaunchScreen.storyboard */; };
		FADB002F260C86FF00FBC4A0 /* .travis.yml in Resources */ = {isa = PBXBuildFile; fileRef = FADB002E260C86FF00FBC4A0 /* .travis.yml */; };
		FADB0038260C890E00FBC4A0 /* AresaTests.swift in Sources */ = {isa = PBXBuildFile; fileRef = FADB0037260C890E00FBC4A0 /* AresaTests.swift */; };
		FADB0054260C8DC800FBC4A0 /* Alamofire in Frameworks */ = {isa = PBXBuildFile; productRef = FADB0053260C8DC800FBC4A0 /* Alamofire */; };
		FADB0059260C8F1B00FBC4A0 /* Realm in Frameworks */ = {isa = PBXBuildFile; productRef = FADB0058260C8F1B00FBC4A0 /* Realm */; };
		FADB005B260C8F1B00FBC4A0 /* RealmSwift in Frameworks */ = {isa = PBXBuildFile; productRef = FADB005A260C8F1B00FBC4A0 /* RealmSwift */; };
		FADB0060260C8FB400FBC4A0 /* SDWebImageSwiftUI in Frameworks */ = {isa = PBXBuildFile; productRef = FADB005F260C8FB400FBC4A0 /* SDWebImageSwiftUI */; };
		FAE9EB7A260CA3CF0041512F /* GameResponse.swift in Sources */ = {isa = PBXBuildFile; fileRef = FAE9EB79260CA3CF0041512F /* GameResponse.swift */; };
		FAE9EB80260CA4390041512F /* GameRepository.swift in Sources */ = {isa = PBXBuildFile; fileRef = FAE9EB7F260CA4390041512F /* GameRepository.swift */; };
/* End PBXBuildFile section */

/* Begin PBXContainerItemProxy section */
		FADB003A260C890E00FBC4A0 /* PBXContainerItemProxy */ = {
			isa = PBXContainerItemProxy;
			containerPortal = FADB000E260C850C00FBC4A0 /* Project object */;
			proxyType = 1;
			remoteGlobalIDString = FADB0015260C850C00FBC4A0;
			remoteInfo = Aresa;
		};
/* End PBXContainerItemProxy section */

/* Begin PBXFileReference section */
		FA2736A0260DBFF400383ECA /* GameEntity.swift */ = {isa = PBXFileReference; lastKnownFileType = sourcecode.swift; path = GameEntity.swift; sourceTree = "<group>"; };
		FA2736AA260DC17A00383ECA /* GameModel.swift */ = {isa = PBXFileReference; lastKnownFileType = sourcecode.swift; path = GameModel.swift; sourceTree = "<group>"; };
		FA2736B0260DC84000383ECA /* RemoteDataSource.swift */ = {isa = PBXFileReference; lastKnownFileType = sourcecode.swift; path = RemoteDataSource.swift; sourceTree = "<group>"; };
		FA2736B7260DC8C800383ECA /* ApiCall.swift */ = {isa = PBXFileReference; lastKnownFileType = sourcecode.swift; path = ApiCall.swift; sourceTree = "<group>"; };
		FA2736BB260DCD0C00383ECA /* CustomError+Ext.swift */ = {isa = PBXFileReference; lastKnownFileType = sourcecode.swift; path = "CustomError+Ext.swift"; sourceTree = "<group>"; };
		FA2736BF260DCD5200383ECA /* LocaleDataSource.swift */ = {isa = PBXFileReference; lastKnownFileType = sourcecode.swift; path = LocaleDataSource.swift; sourceTree = "<group>"; };
		FA2736C3260DCDB400383ECA /* GameFavoritEntity.swift */ = {isa = PBXFileReference; lastKnownFileType = sourcecode.swift; path = GameFavoritEntity.swift; sourceTree = "<group>"; };
		FA2736C7260DCE1800383ECA /* UserEntity.swift */ = {isa = PBXFileReference; lastKnownFileType = sourcecode.swift; path = UserEntity.swift; sourceTree = "<group>"; };
		FA2736CB260DCE5C00383ECA /* Realm+Ext.swift */ = {isa = PBXFileReference; lastKnownFileType = sourcecode.swift; path = "Realm+Ext.swift"; sourceTree = "<group>"; };
		FA2736CF260DCEC700383ECA /* GameFavoriteModel.swift */ = {isa = PBXFileReference; lastKnownFileType = sourcecode.swift; path = GameFavoriteModel.swift; sourceTree = "<group>"; };
		FA2736D3260DCEDE00383ECA /* UserModel.swift */ = {isa = PBXFileReference; lastKnownFileType = sourcecode.swift; path = UserModel.swift; sourceTree = "<group>"; };
		FA2736D7260DCF1100383ECA /* GameMapper.swift */ = {isa = PBXFileReference; lastKnownFileType = sourcecode.swift; path = GameMapper.swift; sourceTree = "<group>"; };
		FA4899BF26131A9300E4B949 /* .swiftlint.yml */ = {isa = PBXFileReference; lastKnownFileType = text.yaml; path = .swiftlint.yml; sourceTree = "<group>"; };
		FA7585392614238D007F5488 /* FavoriteMapper.swift */ = {isa = PBXFileReference; lastKnownFileType = sourcecode.swift; path = FavoriteMapper.swift; sourceTree = "<group>"; };
		FA75853D26142503007F5488 /* GameMapper+Ext.swift */ = {isa = PBXFileReference; lastKnownFileType = sourcecode.swift; path = "GameMapper+Ext.swift"; sourceTree = "<group>"; };
		FA75854626142B3E007F5488 /* DetailView.swift */ = {isa = PBXFileReference; lastKnownFileType = sourcecode.swift; path = DetailView.swift; sourceTree = "<group>"; };
		FA75854A26142B51007F5488 /* DetailPresenter.swift */ = {isa = PBXFileReference; lastKnownFileType = sourcecode.swift; path = DetailPresenter.swift; sourceTree = "<group>"; };
		FA75854E26142E8A007F5488 /* DetailHeader.swift */ = {isa = PBXFileReference; lastKnownFileType = sourcecode.swift; path = DetailHeader.swift; sourceTree = "<group>"; };
		FA7585522614319C007F5488 /* HomeRouter.swift */ = {isa = PBXFileReference; lastKnownFileType = sourcecode.swift; path = HomeRouter.swift; sourceTree = "<group>"; };
		FA7585562614410A007F5488 /* DetailSsRow.swift */ = {isa = PBXFileReference; lastKnownFileType = sourcecode.swift; path = DetailSsRow.swift; sourceTree = "<group>"; };
		FA75855A26146276007F5488 /* GameNewestEntity.swift */ = {isa = PBXFileReference; lastKnownFileType = sourcecode.swift; path = GameNewestEntity.swift; sourceTree = "<group>"; };
		FA75856026146F34007F5488 /* HomeNewestRow.swift */ = {isa = PBXFileReference; lastKnownFileType = sourcecode.swift; path = HomeNewestRow.swift; sourceTree = "<group>"; };
		FA7585642614818A007F5488 /* View+Ext.swift */ = {isa = PBXFileReference; lastKnownFileType = sourcecode.swift; path = "View+Ext.swift"; sourceTree = "<group>"; };
		FA75856C26149784007F5488 /* SearchPresenter.swift */ = {isa = PBXFileReference; lastKnownFileType = sourcecode.swift; path = SearchPresenter.swift; sourceTree = "<group>"; };
		FA75857026149794007F5488 /* SearchView.swift */ = {isa = PBXFileReference; lastKnownFileType = sourcecode.swift; path = SearchView.swift; sourceTree = "<group>"; };
		FA9CE6412611A9C50065EC19 /* Injection.swift */ = {isa = PBXFileReference; lastKnownFileType = sourcecode.swift; path = Injection.swift; sourceTree = "<group>"; };
		FA9CE6452611A9DA0065EC19 /* HomeInteractor.swift */ = {isa = PBXFileReference; lastKnownFileType = sourcecode.swift; path = HomeInteractor.swift; sourceTree = "<group>"; };
		FA9CE6492611AA3F0065EC19 /* Detailinteractor.swift */ = {isa = PBXFileReference; lastKnownFileType = sourcecode.swift; path = Detailinteractor.swift; sourceTree = "<group>"; };
		FA9CE64D2611AA7A0065EC19 /* FavoriteInteractor.swift */ = {isa = PBXFileReference; lastKnownFileType = sourcecode.swift; path = FavoriteInteractor.swift; sourceTree = "<group>"; };
		FA9CE6512611AAEA0065EC19 /* HomeInteractorMock.swift */ = {isa = PBXFileReference; lastKnownFileType = sourcecode.swift; path = HomeInteractorMock.swift; sourceTree = "<group>"; };
		FA9CE6552611AB2E0065EC19 /* UserInteractor.swift */ = {isa = PBXFileReference; lastKnownFileType = sourcecode.swift; path = UserInteractor.swift; sourceTree = "<group>"; };
		FA9CE65D2611AB7E0065EC19 /* HomePresenter.swift */ = {isa = PBXFileReference; lastKnownFileType = sourcecode.swift; path = HomePresenter.swift; sourceTree = "<group>"; };
		FA9CE6612611AC210065EC19 /* HomeView.swift */ = {isa = PBXFileReference; lastKnownFileType = sourcecode.swift; path = HomeView.swift; sourceTree = "<group>"; };
		FA9CE6672611C3E80065EC19 /* HomeHeader.swift */ = {isa = PBXFileReference; lastKnownFileType = sourcecode.swift; path = HomeHeader.swift; sourceTree = "<group>"; };
		FA9CE66B2611C42D0065EC19 /* Color+Ext.swift */ = {isa = PBXFileReference; lastKnownFileType = sourcecode.swift; path = "Color+Ext.swift"; sourceTree = "<group>"; };
		FA9CE6702611D9030065EC19 /* SearchBar.swift */ = {isa = PBXFileReference; lastKnownFileType = sourcecode.swift; path = SearchBar.swift; sourceTree = "<group>"; };
		FA9CE6742611E3A50065EC19 /* HomePopularRow.swift */ = {isa = PBXFileReference; lastKnownFileType = sourcecode.swift; path = HomePopularRow.swift; sourceTree = "<group>"; };
		FADB0016260C850C00FBC4A0 /* Aresa.app */ = {isa = PBXFileReference; explicitFileType = wrapper.application; includeInIndex = 0; path = Aresa.app; sourceTree = BUILT_PRODUCTS_DIR; };
		FADB0019260C850C00FBC4A0 /* AppDelegate.swift */ = {isa = PBXFileReference; lastKnownFileType = sourcecode.swift; path = AppDelegate.swift; sourceTree = "<group>"; };
		FADB001B260C850C00FBC4A0 /* SceneDelegate.swift */ = {isa = PBXFileReference; lastKnownFileType = sourcecode.swift; path = SceneDelegate.swift; sourceTree = "<group>"; };
		FADB001D260C850C00FBC4A0 /* ContentView.swift */ = {isa = PBXFileReference; lastKnownFileType = sourcecode.swift; path = ContentView.swift; sourceTree = "<group>"; };
		FADB001F260C850F00FBC4A0 /* Assets.xcassets */ = {isa = PBXFileReference; lastKnownFileType = folder.assetcatalog; path = Assets.xcassets; sourceTree = "<group>"; };
		FADB0022260C850F00FBC4A0 /* Preview Assets.xcassets */ = {isa = PBXFileReference; lastKnownFileType = folder.assetcatalog; path = "Preview Assets.xcassets"; sourceTree = "<group>"; };
		FADB0025260C850F00FBC4A0 /* Base */ = {isa = PBXFileReference; lastKnownFileType = file.storyboard; name = Base; path = Base.lproj/LaunchScreen.storyboard; sourceTree = "<group>"; };
		FADB0027260C850F00FBC4A0 /* Info.plist */ = {isa = PBXFileReference; lastKnownFileType = text.plist.xml; path = Info.plist; sourceTree = "<group>"; };
		FADB002E260C86FF00FBC4A0 /* .travis.yml */ = {isa = PBXFileReference; lastKnownFileType = text.yaml; path = .travis.yml; sourceTree = "<group>"; };
		FADB0035260C890D00FBC4A0 /* AresaTests.xctest */ = {isa = PBXFileReference; explicitFileType = wrapper.cfbundle; includeInIndex = 0; path = AresaTests.xctest; sourceTree = BUILT_PRODUCTS_DIR; };
		FADB0037260C890E00FBC4A0 /* AresaTests.swift */ = {isa = PBXFileReference; lastKnownFileType = sourcecode.swift; path = AresaTests.swift; sourceTree = "<group>"; };
		FADB0039260C890E00FBC4A0 /* Info.plist */ = {isa = PBXFileReference; lastKnownFileType = text.plist.xml; path = Info.plist; sourceTree = "<group>"; };
		FAE9EB79260CA3CF0041512F /* GameResponse.swift */ = {isa = PBXFileReference; lastKnownFileType = sourcecode.swift; path = GameResponse.swift; sourceTree = "<group>"; };
		FAE9EB7F260CA4390041512F /* GameRepository.swift */ = {isa = PBXFileReference; lastKnownFileType = sourcecode.swift; path = GameRepository.swift; sourceTree = "<group>"; };
/* End PBXFileReference section */

/* Begin PBXFrameworksBuildPhase section */
		FADB0013260C850C00FBC4A0 /* Frameworks */ = {
			isa = PBXFrameworksBuildPhase;
			buildActionMask = 2147483647;
			files = (
				FADB0060260C8FB400FBC4A0 /* SDWebImageSwiftUI in Frameworks */,
				FADB005B260C8F1B00FBC4A0 /* RealmSwift in Frameworks */,
				FADB0059260C8F1B00FBC4A0 /* Realm in Frameworks */,
				FADB0054260C8DC800FBC4A0 /* Alamofire in Frameworks */,
			);
			runOnlyForDeploymentPostprocessing = 0;
		};
		FADB0032260C890D00FBC4A0 /* Frameworks */ = {
			isa = PBXFrameworksBuildPhase;
			buildActionMask = 2147483647;
			files = (
			);
			runOnlyForDeploymentPostprocessing = 0;
		};
/* End PBXFrameworksBuildPhase section */

/* Begin PBXGroup section */
		FA27369F260DBFE500383ECA /* Entity */ = {
			isa = PBXGroup;
			children = (
				FA2736A0260DBFF400383ECA /* GameEntity.swift */,
				FA75855A26146276007F5488 /* GameNewestEntity.swift */,
				FA2736C3260DCDB400383ECA /* GameFavoritEntity.swift */,
				FA2736C7260DCE1800383ECA /* UserEntity.swift */,
			);
			path = Entity;
			sourceTree = "<group>";
		};
		FA2736A8260DC16300383ECA /* Model */ = {
			isa = PBXGroup;
			children = (
				FA2736AA260DC17A00383ECA /* GameModel.swift */,
				FA2736CF260DCEC700383ECA /* GameFavoriteModel.swift */,
				FA2736D3260DCEDE00383ECA /* UserModel.swift */,
			);
			path = Model;
			sourceTree = "<group>";
		};
		FA2736A9260DC16C00383ECA /* UseCase */ = {
			isa = PBXGroup;
			children = (
				FA9CE6452611A9DA0065EC19 /* HomeInteractor.swift */,
				FA9CE6512611AAEA0065EC19 /* HomeInteractorMock.swift */,
				FA9CE6492611AA3F0065EC19 /* Detailinteractor.swift */,
				FA9CE64D2611AA7A0065EC19 /* FavoriteInteractor.swift */,
				FA9CE6552611AB2E0065EC19 /* UserInteractor.swift */,
			);
			path = UseCase;
			sourceTree = "<group>";
		};
		FA2736B4260DC8A800383ECA /* Network */ = {
			isa = PBXGroup;
			children = (
				FA2736B7260DC8C800383ECA /* ApiCall.swift */,
			);
			path = Network;
			sourceTree = "<group>";
		};
		FA2736B5260DC8B100383ECA /* Extension */ = {
			isa = PBXGroup;
			children = (
				FA2736BB260DCD0C00383ECA /* CustomError+Ext.swift */,
				FA2736CB260DCE5C00383ECA /* Realm+Ext.swift */,
				FA9CE66B2611C42D0065EC19 /* Color+Ext.swift */,
				FA7585642614818A007F5488 /* View+Ext.swift */,
			);
			path = Extension;
			sourceTree = "<group>";
		};
		FA2736B6260DC8B700383ECA /* Mapper */ = {
			isa = PBXGroup;
			children = (
				FA2736D7260DCF1100383ECA /* GameMapper.swift */,
				FA7585392614238D007F5488 /* FavoriteMapper.swift */,
				FA75853D26142503007F5488 /* GameMapper+Ext.swift */,
			);
			path = Mapper;
			sourceTree = "<group>";
		};
		FA75854126142ADE007F5488 /* Detail */ = {
			isa = PBXGroup;
			children = (
				FA75854326142B13007F5488 /* Router */,
				FA75854226142AED007F5488 /* Presenter */,
				FA75854426142B1F007F5488 /* View */,
			);
			path = Detail;
			sourceTree = "<group>";
		};
		FA75854226142AED007F5488 /* Presenter */ = {
			isa = PBXGroup;
			children = (
				FA75854A26142B51007F5488 /* DetailPresenter.swift */,
			);
			path = Presenter;
			sourceTree = "<group>";
		};
		FA75854326142B13007F5488 /* Router */ = {
			isa = PBXGroup;
			children = (
			);
			path = Router;
			sourceTree = "<group>";
		};
		FA75854426142B1F007F5488 /* View */ = {
			isa = PBXGroup;
			children = (
				FA75854626142B3E007F5488 /* DetailView.swift */,
				FA75854E26142E8A007F5488 /* DetailHeader.swift */,
				FA7585562614410A007F5488 /* DetailSsRow.swift */,
			);
			path = View;
			sourceTree = "<group>";
		};
		FA75856826149747007F5488 /* Search */ = {
			isa = PBXGroup;
			children = (
				FA75856B26149765007F5488 /* Presenter */,
				FA75856A2614975F007F5488 /* Router */,
				FA75856926149759007F5488 /* View */,
			);
			path = Search;
			sourceTree = "<group>";
		};
		FA75856926149759007F5488 /* View */ = {
			isa = PBXGroup;
			children = (
				FA75857026149794007F5488 /* SearchView.swift */,
			);
			path = View;
			sourceTree = "<group>";
		};
		FA75856A2614975F007F5488 /* Router */ = {
			isa = PBXGroup;
			children = (
				FA758574261497A3007F5488 /* SearchRouter */,
			);
			path = Router;
			sourceTree = "<group>";
		};
		FA75856B26149765007F5488 /* Presenter */ = {
			isa = PBXGroup;
			children = (
				FA75856C26149784007F5488 /* SearchPresenter.swift */,
			);
			path = Presenter;
			sourceTree = "<group>";
		};
		FA758574261497A3007F5488 /* SearchRouter */ = {
			isa = PBXGroup;
			children = (
			);
			path = SearchRouter;
			sourceTree = "<group>";
		};
		FA9CE6592611AB520065EC19 /* Home */ = {
			isa = PBXGroup;
			children = (
				FA9CE65C2611AB670065EC19 /* View */,
				FA9CE65B2611AB620065EC19 /* Router */,
				FA9CE65A2611AB5C0065EC19 /* Presenter */,
			);
			path = Home;
			sourceTree = "<group>";
		};
		FA9CE65A2611AB5C0065EC19 /* Presenter */ = {
			isa = PBXGroup;
			children = (
				FA9CE65D2611AB7E0065EC19 /* HomePresenter.swift */,
			);
			path = Presenter;
			sourceTree = "<group>";
		};
		FA9CE65B2611AB620065EC19 /* Router */ = {
			isa = PBXGroup;
			children = (
				FA7585522614319C007F5488 /* HomeRouter.swift */,
			);
			path = Router;
			sourceTree = "<group>";
		};
		FA9CE65C2611AB670065EC19 /* View */ = {
			isa = PBXGroup;
			children = (
				FA9CE6612611AC210065EC19 /* HomeView.swift */,
				FA9CE6672611C3E80065EC19 /* HomeHeader.swift */,
				FA9CE6742611E3A50065EC19 /* HomePopularRow.swift */,
				FA75856026146F34007F5488 /* HomeNewestRow.swift */,
			);
			path = View;
			sourceTree = "<group>";
		};
		FA9CE66F2611D8F70065EC19 /* View */ = {
			isa = PBXGroup;
			children = (
				FA9CE6702611D9030065EC19 /* SearchBar.swift */,
			);
			path = View;
			sourceTree = "<group>";
		};
		FADB000D260C850C00FBC4A0 = {
			isa = PBXGroup;
			children = (
				FA4899BF26131A9300E4B949 /* .swiftlint.yml */,
				FADB002E260C86FF00FBC4A0 /* .travis.yml */,
				FADB0018260C850C00FBC4A0 /* Aresa */,
				FADB0036260C890E00FBC4A0 /* AresaTests */,
				FADB0017260C850C00FBC4A0 /* Products */,
			);
			sourceTree = "<group>";
		};
		FADB0017260C850C00FBC4A0 /* Products */ = {
			isa = PBXGroup;
			children = (
				FADB0016260C850C00FBC4A0 /* Aresa.app */,
				FADB0035260C890D00FBC4A0 /* AresaTests.xctest */,
			);
			name = Products;
			sourceTree = "<group>";
		};
		FADB0018260C850C00FBC4A0 /* Aresa */ = {
			isa = PBXGroup;
			children = (
				FADB0045260C89F300FBC4A0 /* App */,
				FADB0044260C89EB00FBC4A0 /* Core */,
				FADB0046260C8A6F00FBC4A0 /* Module */,
				FADB0021260C850F00FBC4A0 /* Preview Content */,
				FADB0047260C8A7700FBC4A0 /* SupportingFiles */,
			);
			path = Aresa;
			sourceTree = "<group>";
		};
		FADB0021260C850F00FBC4A0 /* Preview Content */ = {
			isa = PBXGroup;
			children = (
				FADB0022260C850F00FBC4A0 /* Preview Assets.xcassets */,
			);
			path = "Preview Content";
			sourceTree = "<group>";
		};
		FADB0036260C890E00FBC4A0 /* AresaTests */ = {
			isa = PBXGroup;
			children = (
				FADB0037260C890E00FBC4A0 /* AresaTests.swift */,
				FADB0039260C890E00FBC4A0 /* Info.plist */,
			);
			path = AresaTests;
			sourceTree = "<group>";
		};
		FADB0044260C89EB00FBC4A0 /* Core */ = {
			isa = PBXGroup;
			children = (
				FADB004F260C8CAC00FBC4A0 /* Data */,
				FADB0050260C8CB300FBC4A0 /* Domain */,
				FADB004E260C8CA600FBC4A0 /* DI */,
				FADB0051260C8CBA00FBC4A0 /* Utils */,
			);
			path = Core;
			sourceTree = "<group>";
		};
		FADB0045260C89F300FBC4A0 /* App */ = {
			isa = PBXGroup;
			children = (
				FADB0019260C850C00FBC4A0 /* AppDelegate.swift */,
				FADB001B260C850C00FBC4A0 /* SceneDelegate.swift */,
				FADB001D260C850C00FBC4A0 /* ContentView.swift */,
			);
			path = App;
			sourceTree = "<group>";
		};
		FADB0046260C8A6F00FBC4A0 /* Module */ = {
			isa = PBXGroup;
			children = (
				FA9CE6592611AB520065EC19 /* Home */,
				FA75856826149747007F5488 /* Search */,
				FA75854126142ADE007F5488 /* Detail */,
			);
			path = Module;
			sourceTree = "<group>";
		};
		FADB0047260C8A7700FBC4A0 /* SupportingFiles */ = {
			isa = PBXGroup;
			children = (
				FADB0024260C850F00FBC4A0 /* LaunchScreen.storyboard */,
				FADB0027260C850F00FBC4A0 /* Info.plist */,
				FADB001F260C850F00FBC4A0 /* Assets.xcassets */,
			);
			path = SupportingFiles;
			sourceTree = "<group>";
		};
		FADB004E260C8CA600FBC4A0 /* DI */ = {
			isa = PBXGroup;
			children = (
				FA9CE6412611A9C50065EC19 /* Injection.swift */,
			);
			path = DI;
			sourceTree = "<group>";
		};
		FADB004F260C8CAC00FBC4A0 /* Data */ = {
			isa = PBXGroup;
			children = (
				FAE9EB77260C9ED60041512F /* Remote */,
				FAE9EB76260C9ED00041512F /* Locale */,
				FAE9EB7F260CA4390041512F /* GameRepository.swift */,
			);
			path = Data;
			sourceTree = "<group>";
		};
		FADB0050260C8CB300FBC4A0 /* Domain */ = {
			isa = PBXGroup;
			children = (
				FA2736A9260DC16C00383ECA /* UseCase */,
				FA2736A8260DC16300383ECA /* Model */,
			);
			path = Domain;
			sourceTree = "<group>";
		};
		FADB0051260C8CBA00FBC4A0 /* Utils */ = {
			isa = PBXGroup;
			children = (
				FA9CE66F2611D8F70065EC19 /* View */,
				FA2736B6260DC8B700383ECA /* Mapper */,
				FA2736B5260DC8B100383ECA /* Extension */,
				FA2736B4260DC8A800383ECA /* Network */,
			);
			path = Utils;
			sourceTree = "<group>";
		};
		FAE9EB76260C9ED00041512F /* Locale */ = {
			isa = PBXGroup;
			children = (
				FA27369F260DBFE500383ECA /* Entity */,
				FA2736BF260DCD5200383ECA /* LocaleDataSource.swift */,
			);
			path = Locale;
			sourceTree = "<group>";
		};
		FAE9EB77260C9ED60041512F /* Remote */ = {
			isa = PBXGroup;
			children = (
				FAE9EB78260C9EE40041512F /* Response */,
				FA2736B0260DC84000383ECA /* RemoteDataSource.swift */,
			);
			path = Remote;
			sourceTree = "<group>";
		};
		FAE9EB78260C9EE40041512F /* Response */ = {
			isa = PBXGroup;
			children = (
				FAE9EB79260CA3CF0041512F /* GameResponse.swift */,
			);
			path = Response;
			sourceTree = "<group>";
		};
/* End PBXGroup section */

/* Begin PBXNativeTarget section */
		FADB0015260C850C00FBC4A0 /* Aresa */ = {
			isa = PBXNativeTarget;
			buildConfigurationList = FADB002A260C850F00FBC4A0 /* Build configuration list for PBXNativeTarget "Aresa" */;
			buildPhases = (
				FADB0012260C850C00FBC4A0 /* Sources */,
				FADB0013260C850C00FBC4A0 /* Frameworks */,
				FADB0014260C850C00FBC4A0 /* Resources */,
				FA4899C326131AAA00E4B949 /* Swiftlint */,
			);
			buildRules = (
			);
			dependencies = (
			);
			name = Aresa;
			packageProductDependencies = (
				FADB0053260C8DC800FBC4A0 /* Alamofire */,
				FADB0058260C8F1B00FBC4A0 /* Realm */,
				FADB005A260C8F1B00FBC4A0 /* RealmSwift */,
				FADB005F260C8FB400FBC4A0 /* SDWebImageSwiftUI */,
			);
			productName = Aresa;
			productReference = FADB0016260C850C00FBC4A0 /* Aresa.app */;
			productType = "com.apple.product-type.application";
		};
		FADB0034260C890D00FBC4A0 /* AresaTests */ = {
			isa = PBXNativeTarget;
			buildConfigurationList = FADB003C260C890E00FBC4A0 /* Build configuration list for PBXNativeTarget "AresaTests" */;
			buildPhases = (
				FADB0031260C890D00FBC4A0 /* Sources */,
				FADB0032260C890D00FBC4A0 /* Frameworks */,
				FADB0033260C890D00FBC4A0 /* Resources */,
			);
			buildRules = (
			);
			dependencies = (
				FADB003B260C890E00FBC4A0 /* PBXTargetDependency */,
			);
			name = AresaTests;
			productName = AresaTests;
			productReference = FADB0035260C890D00FBC4A0 /* AresaTests.xctest */;
			productType = "com.apple.product-type.bundle.unit-test";
		};
/* End PBXNativeTarget section */

/* Begin PBXProject section */
		FADB000E260C850C00FBC4A0 /* Project object */ = {
			isa = PBXProject;
			attributes = {
				LastSwiftUpdateCheck = 1230;
				LastUpgradeCheck = 1230;
				TargetAttributes = {
					FADB0015260C850C00FBC4A0 = {
						CreatedOnToolsVersion = 12.3;
					};
					FADB0034260C890D00FBC4A0 = {
						CreatedOnToolsVersion = 12.3;
						TestTargetID = FADB0015260C850C00FBC4A0;
					};
				};
			};
			buildConfigurationList = FADB0011260C850C00FBC4A0 /* Build configuration list for PBXProject "Aresa" */;
			compatibilityVersion = "Xcode 9.3";
			developmentRegion = en;
			hasScannedForEncodings = 0;
			knownRegions = (
				en,
				Base,
			);
			mainGroup = FADB000D260C850C00FBC4A0;
			packageReferences = (
				FADB0052260C8DC800FBC4A0 /* XCRemoteSwiftPackageReference "Alamofire" */,
				FADB0057260C8F1B00FBC4A0 /* XCRemoteSwiftPackageReference "realm-cocoa" */,
				FADB005E260C8FB400FBC4A0 /* XCRemoteSwiftPackageReference "SDWebImageSwiftUI" */,
			);
			productRefGroup = FADB0017260C850C00FBC4A0 /* Products */;
			projectDirPath = "";
			projectRoot = "";
			targets = (
				FADB0015260C850C00FBC4A0 /* Aresa */,
				FADB0034260C890D00FBC4A0 /* AresaTests */,
			);
		};
/* End PBXProject section */

/* Begin PBXResourcesBuildPhase section */
		FADB0014260C850C00FBC4A0 /* Resources */ = {
			isa = PBXResourcesBuildPhase;
			buildActionMask = 2147483647;
			files = (
				FA4899C026131A9300E4B949 /* .swiftlint.yml in Resources */,
				FADB0026260C850F00FBC4A0 /* LaunchScreen.storyboard in Resources */,
				FADB0023260C850F00FBC4A0 /* Preview Assets.xcassets in Resources */,
				FADB002F260C86FF00FBC4A0 /* .travis.yml in Resources */,
				FADB0020260C850F00FBC4A0 /* Assets.xcassets in Resources */,
			);
			runOnlyForDeploymentPostprocessing = 0;
		};
		FADB0033260C890D00FBC4A0 /* Resources */ = {
			isa = PBXResourcesBuildPhase;
			buildActionMask = 2147483647;
			files = (
			);
			runOnlyForDeploymentPostprocessing = 0;
		};
/* End PBXResourcesBuildPhase section */

/* Begin PBXShellScriptBuildPhase section */
		FA4899C326131AAA00E4B949 /* Swiftlint */ = {
			isa = PBXShellScriptBuildPhase;
			buildActionMask = 2147483647;
			files = (
			);
			inputFileListPaths = (
			);
			inputPaths = (
			);
			name = Swiftlint;
			outputFileListPaths = (
			);
			outputPaths = (
			);
			runOnlyForDeploymentPostprocessing = 0;
			shellPath = /bin/sh;
			shellScript = "if which swiftlint >/dev/null; then\n  swiftlint\nelse\n  echo \"warning: SwiftLint not installed, download from https://github.com/realm/SwiftLint\"\nfi\n";
		};
/* End PBXShellScriptBuildPhase section */

/* Begin PBXSourcesBuildPhase section */
		FADB0012260C850C00FBC4A0 /* Sources */ = {
			isa = PBXSourcesBuildPhase;
			buildActionMask = 2147483647;
			files = (
				FA2736B1260DC84000383ECA /* RemoteDataSource.swift in Sources */,
				FA9CE6462611A9DA0065EC19 /* HomeInteractor.swift in Sources */,
				FA2736BC260DCD0C00383ECA /* CustomError+Ext.swift in Sources */,
				FA75854F26142E8A007F5488 /* DetailHeader.swift in Sources */,
				FA9CE6622611AC210065EC19 /* HomeView.swift in Sources */,
				FADB001A260C850C00FBC4A0 /* AppDelegate.swift in Sources */,
				FA9CE6562611AB2E0065EC19 /* UserInteractor.swift in Sources */,
				FA75853A2614238D007F5488 /* FavoriteMapper.swift in Sources */,
				FA2736C0260DCD5200383ECA /* LocaleDataSource.swift in Sources */,
				FA7585532614319C007F5488 /* HomeRouter.swift in Sources */,
				FA75857126149794007F5488 /* SearchView.swift in Sources */,
				FADB001C260C850C00FBC4A0 /* SceneDelegate.swift in Sources */,
				FA7585652614818A007F5488 /* View+Ext.swift in Sources */,
				FA75856126146F34007F5488 /* HomeNewestRow.swift in Sources */,
				FA2736D0260DCEC700383ECA /* GameFavoriteModel.swift in Sources */,
				FAE9EB80260CA4390041512F /* GameRepository.swift in Sources */,
				FA7585572614410A007F5488 /* DetailSsRow.swift in Sources */,
				FAE9EB7A260CA3CF0041512F /* GameResponse.swift in Sources */,
				FA9CE6752611E3A50065EC19 /* HomePopularRow.swift in Sources */,
				FA9CE66C2611C42D0065EC19 /* Color+Ext.swift in Sources */,
				FA75855B26146276007F5488 /* GameNewestEntity.swift in Sources */,
				FA9CE6522611AAEA0065EC19 /* HomeInteractorMock.swift in Sources */,
				FA2736A1260DBFF400383ECA /* GameEntity.swift in Sources */,
				FA75856D26149784007F5488 /* SearchPresenter.swift in Sources */,
				FA2736C8260DCE1800383ECA /* UserEntity.swift in Sources */,
				FA9CE64E2611AA7B0065EC19 /* FavoriteInteractor.swift in Sources */,
				FA2736D8260DCF1100383ECA /* GameMapper.swift in Sources */,
				FA9CE65E2611AB7E0065EC19 /* HomePresenter.swift in Sources */,
				FA2736D4260DCEDE00383ECA /* UserModel.swift in Sources */,
				FA2736CC260DCE5C00383ECA /* Realm+Ext.swift in Sources */,
				FA9CE6682611C3E80065EC19 /* HomeHeader.swift in Sources */,
				FA9CE6712611D9030065EC19 /* SearchBar.swift in Sources */,
				FA2736C4260DCDB400383ECA /* GameFavoritEntity.swift in Sources */,
				FA75854726142B3E007F5488 /* DetailView.swift in Sources */,
				FA75854B26142B51007F5488 /* DetailPresenter.swift in Sources */,
				FA2736AB260DC17A00383ECA /* GameModel.swift in Sources */,
				FA9CE6422611A9C50065EC19 /* Injection.swift in Sources */,
				FA2736B8260DC8C800383ECA /* ApiCall.swift in Sources */,
				FADB001E260C850C00FBC4A0 /* ContentView.swift in Sources */,
				FA9CE64A2611AA3F0065EC19 /* Detailinteractor.swift in Sources */,
				FA75853E26142503007F5488 /* GameMapper+Ext.swift in Sources */,
			);
			runOnlyForDeploymentPostprocessing = 0;
		};
		FADB0031260C890D00FBC4A0 /* Sources */ = {
			isa = PBXSourcesBuildPhase;
			buildActionMask = 2147483647;
			files = (
				FADB0038260C890E00FBC4A0 /* AresaTests.swift in Sources */,
			);
			runOnlyForDeploymentPostprocessing = 0;
		};
/* End PBXSourcesBuildPhase section */

/* Begin PBXTargetDependency section */
		FADB003B260C890E00FBC4A0 /* PBXTargetDependency */ = {
			isa = PBXTargetDependency;
			target = FADB0015260C850C00FBC4A0 /* Aresa */;
			targetProxy = FADB003A260C890E00FBC4A0 /* PBXContainerItemProxy */;
		};
/* End PBXTargetDependency section */

/* Begin PBXVariantGroup section */
		FADB0024260C850F00FBC4A0 /* LaunchScreen.storyboard */ = {
			isa = PBXVariantGroup;
			children = (
				FADB0025260C850F00FBC4A0 /* Base */,
			);
			name = LaunchScreen.storyboard;
			sourceTree = "<group>";
		};
/* End PBXVariantGroup section */

/* Begin XCBuildConfiguration section */
		FADB0028260C850F00FBC4A0 /* Debug */ = {
			isa = XCBuildConfiguration;
			buildSettings = {
				ALWAYS_SEARCH_USER_PATHS = NO;
				CLANG_ANALYZER_NONNULL = YES;
				CLANG_ANALYZER_NUMBER_OBJECT_CONVERSION = YES_AGGRESSIVE;
				CLANG_CXX_LANGUAGE_STANDARD = "gnu++14";
				CLANG_CXX_LIBRARY = "libc++";
				CLANG_ENABLE_MODULES = YES;
				CLANG_ENABLE_OBJC_ARC = YES;
				CLANG_ENABLE_OBJC_WEAK = YES;
				CLANG_WARN_BLOCK_CAPTURE_AUTORELEASING = YES;
				CLANG_WARN_BOOL_CONVERSION = YES;
				CLANG_WARN_COMMA = YES;
				CLANG_WARN_CONSTANT_CONVERSION = YES;
				CLANG_WARN_DEPRECATED_OBJC_IMPLEMENTATIONS = YES;
				CLANG_WARN_DIRECT_OBJC_ISA_USAGE = YES_ERROR;
				CLANG_WARN_DOCUMENTATION_COMMENTS = YES;
				CLANG_WARN_EMPTY_BODY = YES;
				CLANG_WARN_ENUM_CONVERSION = YES;
				CLANG_WARN_INFINITE_RECURSION = YES;
				CLANG_WARN_INT_CONVERSION = YES;
				CLANG_WARN_NON_LITERAL_NULL_CONVERSION = YES;
				CLANG_WARN_OBJC_IMPLICIT_RETAIN_SELF = YES;
				CLANG_WARN_OBJC_LITERAL_CONVERSION = YES;
				CLANG_WARN_OBJC_ROOT_CLASS = YES_ERROR;
				CLANG_WARN_QUOTED_INCLUDE_IN_FRAMEWORK_HEADER = YES;
				CLANG_WARN_RANGE_LOOP_ANALYSIS = YES;
				CLANG_WARN_STRICT_PROTOTYPES = YES;
				CLANG_WARN_SUSPICIOUS_MOVE = YES;
				CLANG_WARN_UNGUARDED_AVAILABILITY = YES_AGGRESSIVE;
				CLANG_WARN_UNREACHABLE_CODE = YES;
				CLANG_WARN__DUPLICATE_METHOD_MATCH = YES;
				COPY_PHASE_STRIP = NO;
				DEBUG_INFORMATION_FORMAT = dwarf;
				ENABLE_STRICT_OBJC_MSGSEND = YES;
				ENABLE_TESTABILITY = YES;
				GCC_C_LANGUAGE_STANDARD = gnu11;
				GCC_DYNAMIC_NO_PIC = NO;
				GCC_NO_COMMON_BLOCKS = YES;
				GCC_OPTIMIZATION_LEVEL = 0;
				GCC_PREPROCESSOR_DEFINITIONS = (
					"DEBUG=1",
					"$(inherited)",
				);
				GCC_WARN_64_TO_32_BIT_CONVERSION = YES;
				GCC_WARN_ABOUT_RETURN_TYPE = YES_ERROR;
				GCC_WARN_UNDECLARED_SELECTOR = YES;
				GCC_WARN_UNINITIALIZED_AUTOS = YES_AGGRESSIVE;
				GCC_WARN_UNUSED_FUNCTION = YES;
				GCC_WARN_UNUSED_VARIABLE = YES;
				IPHONEOS_DEPLOYMENT_TARGET = 14.0;
				MTL_ENABLE_DEBUG_INFO = INCLUDE_SOURCE;
				MTL_FAST_MATH = YES;
				ONLY_ACTIVE_ARCH = YES;
				SDKROOT = iphoneos;
				SWIFT_ACTIVE_COMPILATION_CONDITIONS = DEBUG;
				SWIFT_OPTIMIZATION_LEVEL = "-Onone";
			};
			name = Debug;
		};
		FADB0029260C850F00FBC4A0 /* Release */ = {
			isa = XCBuildConfiguration;
			buildSettings = {
				ALWAYS_SEARCH_USER_PATHS = NO;
				CLANG_ANALYZER_NONNULL = YES;
				CLANG_ANALYZER_NUMBER_OBJECT_CONVERSION = YES_AGGRESSIVE;
				CLANG_CXX_LANGUAGE_STANDARD = "gnu++14";
				CLANG_CXX_LIBRARY = "libc++";
				CLANG_ENABLE_MODULES = YES;
				CLANG_ENABLE_OBJC_ARC = YES;
				CLANG_ENABLE_OBJC_WEAK = YES;
				CLANG_WARN_BLOCK_CAPTURE_AUTORELEASING = YES;
				CLANG_WARN_BOOL_CONVERSION = YES;
				CLANG_WARN_COMMA = YES;
				CLANG_WARN_CONSTANT_CONVERSION = YES;
				CLANG_WARN_DEPRECATED_OBJC_IMPLEMENTATIONS = YES;
				CLANG_WARN_DIRECT_OBJC_ISA_USAGE = YES_ERROR;
				CLANG_WARN_DOCUMENTATION_COMMENTS = YES;
				CLANG_WARN_EMPTY_BODY = YES;
				CLANG_WARN_ENUM_CONVERSION = YES;
				CLANG_WARN_INFINITE_RECURSION = YES;
				CLANG_WARN_INT_CONVERSION = YES;
				CLANG_WARN_NON_LITERAL_NULL_CONVERSION = YES;
				CLANG_WARN_OBJC_IMPLICIT_RETAIN_SELF = YES;
				CLANG_WARN_OBJC_LITERAL_CONVERSION = YES;
				CLANG_WARN_OBJC_ROOT_CLASS = YES_ERROR;
				CLANG_WARN_QUOTED_INCLUDE_IN_FRAMEWORK_HEADER = YES;
				CLANG_WARN_RANGE_LOOP_ANALYSIS = YES;
				CLANG_WARN_STRICT_PROTOTYPES = YES;
				CLANG_WARN_SUSPICIOUS_MOVE = YES;
				CLANG_WARN_UNGUARDED_AVAILABILITY = YES_AGGRESSIVE;
				CLANG_WARN_UNREACHABLE_CODE = YES;
				CLANG_WARN__DUPLICATE_METHOD_MATCH = YES;
				COPY_PHASE_STRIP = NO;
				DEBUG_INFORMATION_FORMAT = "dwarf-with-dsym";
				ENABLE_NS_ASSERTIONS = NO;
				ENABLE_STRICT_OBJC_MSGSEND = YES;
				GCC_C_LANGUAGE_STANDARD = gnu11;
				GCC_NO_COMMON_BLOCKS = YES;
				GCC_WARN_64_TO_32_BIT_CONVERSION = YES;
				GCC_WARN_ABOUT_RETURN_TYPE = YES_ERROR;
				GCC_WARN_UNDECLARED_SELECTOR = YES;
				GCC_WARN_UNINITIALIZED_AUTOS = YES_AGGRESSIVE;
				GCC_WARN_UNUSED_FUNCTION = YES;
				GCC_WARN_UNUSED_VARIABLE = YES;
				IPHONEOS_DEPLOYMENT_TARGET = 14.0;
				MTL_ENABLE_DEBUG_INFO = NO;
				MTL_FAST_MATH = YES;
				SDKROOT = iphoneos;
				SWIFT_COMPILATION_MODE = wholemodule;
				SWIFT_OPTIMIZATION_LEVEL = "-O";
				VALIDATE_PRODUCT = YES;
			};
			name = Release;
		};
		FADB002B260C850F00FBC4A0 /* Debug */ = {
			isa = XCBuildConfiguration;
			buildSettings = {
				ASSETCATALOG_COMPILER_APPICON_NAME = AppIcon;
				ASSETCATALOG_COMPILER_GLOBAL_ACCENT_COLOR_NAME = AccentColor;
				CODE_SIGN_STYLE = Automatic;
				DEVELOPMENT_ASSET_PATHS = "\"Aresa/Preview Content\"";
				DEVELOPMENT_TEAM = W59APR6U5A;
				ENABLE_PREVIEWS = YES;
				INFOPLIST_FILE = Aresa/SupportingFiles/Info.plist;
				IPHONEOS_DEPLOYMENT_TARGET = 14.0;
				LD_RUNPATH_SEARCH_PATHS = (
					"$(inherited)",
					"@executable_path/Frameworks",
				);
				PRODUCT_BUNDLE_IDENTIFIER = com.aamaulana10.Aresa;
				PRODUCT_NAME = "$(TARGET_NAME)";
				SWIFT_VERSION = 5.0;
				TARGETED_DEVICE_FAMILY = "1,2";
			};
			name = Debug;
		};
		FADB002C260C850F00FBC4A0 /* Release */ = {
			isa = XCBuildConfiguration;
			buildSettings = {
				ASSETCATALOG_COMPILER_APPICON_NAME = AppIcon;
				ASSETCATALOG_COMPILER_GLOBAL_ACCENT_COLOR_NAME = AccentColor;
				CODE_SIGN_STYLE = Automatic;
				DEVELOPMENT_ASSET_PATHS = "\"Aresa/Preview Content\"";
				DEVELOPMENT_TEAM = W59APR6U5A;
				ENABLE_PREVIEWS = YES;
				INFOPLIST_FILE = Aresa/SupportingFiles/Info.plist;
				IPHONEOS_DEPLOYMENT_TARGET = 14.0;
				LD_RUNPATH_SEARCH_PATHS = (
					"$(inherited)",
					"@executable_path/Frameworks",
				);
				PRODUCT_BUNDLE_IDENTIFIER = com.aamaulana10.Aresa;
				PRODUCT_NAME = "$(TARGET_NAME)";
				SWIFT_VERSION = 5.0;
				TARGETED_DEVICE_FAMILY = "1,2";
			};
			name = Release;
		};
		FADB003D260C890E00FBC4A0 /* Debug */ = {
			isa = XCBuildConfiguration;
			buildSettings = {
				BUNDLE_LOADER = "$(TEST_HOST)";
				CODE_SIGN_STYLE = Automatic;
				DEVELOPMENT_TEAM = W59APR6U5A;
				INFOPLIST_FILE = AresaTests/Info.plist;
				LD_RUNPATH_SEARCH_PATHS = (
					"$(inherited)",
					"@executable_path/Frameworks",
					"@loader_path/Frameworks",
				);
				PRODUCT_BUNDLE_IDENTIFIER = com.aamaulana10.AresaTests;
				PRODUCT_NAME = "$(TARGET_NAME)";
				SWIFT_VERSION = 5.0;
				TARGETED_DEVICE_FAMILY = "1,2";
				TEST_HOST = "$(BUILT_PRODUCTS_DIR)/Aresa.app/Aresa";
				TVOS_DEPLOYMENT_TARGET = 14.0;
			};
			name = Debug;
		};
		FADB003E260C890E00FBC4A0 /* Release */ = {
			isa = XCBuildConfiguration;
			buildSettings = {
				BUNDLE_LOADER = "$(TEST_HOST)";
				CODE_SIGN_STYLE = Automatic;
				DEVELOPMENT_TEAM = W59APR6U5A;
				INFOPLIST_FILE = AresaTests/Info.plist;
				LD_RUNPATH_SEARCH_PATHS = (
					"$(inherited)",
					"@executable_path/Frameworks",
					"@loader_path/Frameworks",
				);
				PRODUCT_BUNDLE_IDENTIFIER = com.aamaulana10.AresaTests;
				PRODUCT_NAME = "$(TARGET_NAME)";
				SWIFT_VERSION = 5.0;
				TARGETED_DEVICE_FAMILY = "1,2";
				TEST_HOST = "$(BUILT_PRODUCTS_DIR)/Aresa.app/Aresa";
				TVOS_DEPLOYMENT_TARGET = 14.0;
			};
			name = Release;
		};
/* End XCBuildConfiguration section */

/* Begin XCConfigurationList section */
		FADB0011260C850C00FBC4A0 /* Build configuration list for PBXProject "Aresa" */ = {
			isa = XCConfigurationList;
			buildConfigurations = (
				FADB0028260C850F00FBC4A0 /* Debug */,
				FADB0029260C850F00FBC4A0 /* Release */,
			);
			defaultConfigurationIsVisible = 0;
			defaultConfigurationName = Release;
		};
		FADB002A260C850F00FBC4A0 /* Build configuration list for PBXNativeTarget "Aresa" */ = {
			isa = XCConfigurationList;
			buildConfigurations = (
				FADB002B260C850F00FBC4A0 /* Debug */,
				FADB002C260C850F00FBC4A0 /* Release */,
			);
			defaultConfigurationIsVisible = 0;
			defaultConfigurationName = Release;
		};
		FADB003C260C890E00FBC4A0 /* Build configuration list for PBXNativeTarget "AresaTests" */ = {
			isa = XCConfigurationList;
			buildConfigurations = (
				FADB003D260C890E00FBC4A0 /* Debug */,
				FADB003E260C890E00FBC4A0 /* Release */,
			);
			defaultConfigurationIsVisible = 0;
			defaultConfigurationName = Release;
		};
/* End XCConfigurationList section */

/* Begin XCRemoteSwiftPackageReference section */
		FADB0052260C8DC800FBC4A0 /* XCRemoteSwiftPackageReference "Alamofire" */ = {
			isa = XCRemoteSwiftPackageReference;
			repositoryURL = "https://github.com/Alamofire/Alamofire";
			requirement = {
				kind = upToNextMajorVersion;
				minimumVersion = 5.4.1;
			};
		};
		FADB0057260C8F1B00FBC4A0 /* XCRemoteSwiftPackageReference "realm-cocoa" */ = {
			isa = XCRemoteSwiftPackageReference;
			repositoryURL = "https://github.com/realm/realm-cocoa.git";
			requirement = {
				kind = upToNextMajorVersion;
				minimumVersion = 10.7.2;
			};
		};
		FADB005E260C8FB400FBC4A0 /* XCRemoteSwiftPackageReference "SDWebImageSwiftUI" */ = {
			isa = XCRemoteSwiftPackageReference;
			repositoryURL = "https://github.com/SDWebImage/SDWebImageSwiftUI.git";
			requirement = {
				kind = upToNextMajorVersion;
				minimumVersion = 2.0.2;
			};
		};
/* End XCRemoteSwiftPackageReference section */

/* Begin XCSwiftPackageProductDependency section */
		FADB0053260C8DC800FBC4A0 /* Alamofire */ = {
			isa = XCSwiftPackageProductDependency;
			package = FADB0052260C8DC800FBC4A0 /* XCRemoteSwiftPackageReference "Alamofire" */;
			productName = Alamofire;
		};
		FADB0058260C8F1B00FBC4A0 /* Realm */ = {
			isa = XCSwiftPackageProductDependency;
			package = FADB0057260C8F1B00FBC4A0 /* XCRemoteSwiftPackageReference "realm-cocoa" */;
			productName = Realm;
		};
		FADB005A260C8F1B00FBC4A0 /* RealmSwift */ = {
			isa = XCSwiftPackageProductDependency;
			package = FADB0057260C8F1B00FBC4A0 /* XCRemoteSwiftPackageReference "realm-cocoa" */;
			productName = RealmSwift;
		};
		FADB005F260C8FB400FBC4A0 /* SDWebImageSwiftUI */ = {
			isa = XCSwiftPackageProductDependency;
			package = FADB005E260C8FB400FBC4A0 /* XCRemoteSwiftPackageReference "SDWebImageSwiftUI" */;
			productName = SDWebImageSwiftUI;
		};
/* End XCSwiftPackageProductDependency section */
	};
	rootObject = FADB000E260C850C00FBC4A0 /* Project object */;
}
