// !$*UTF8*$!
{
	archiveVersion = 1;
	classes = {
	};
	objectVersion = 50;
	objects = {

/* Begin PBXBuildFile section */
		FADB001A260C850C00FBC4A0 /* AppDelegate.swift in Sources */ = {isa = PBXBuildFile; fileRef = FADB0019260C850C00FBC4A0 /* AppDelegate.swift */; };
		FADB001C260C850C00FBC4A0 /* SceneDelegate.swift in Sources */ = {isa = PBXBuildFile; fileRef = FADB001B260C850C00FBC4A0 /* SceneDelegate.swift */; };
		FADB001E260C850C00FBC4A0 /* ContentView.swift in Sources */ = {isa = PBXBuildFile; fileRef = FADB001D260C850C00FBC4A0 /* ContentView.swift */; };
		FADB0020260C850F00FBC4A0 /* Assets.xcassets in Resources */ = {isa = PBXBuildFile; fileRef = FADB001F260C850F00FBC4A0 /* Assets.xcassets */; };
		FADB0023260C850F00FBC4A0 /* Preview Assets.xcassets in Resources */ = {isa = PBXBuildFile; fileRef = FADB0022260C850F00FBC4A0 /* Preview Assets.xcassets */; };
		FADB0026260C850F00FBC4A0 /* LaunchScreen.storyboard in Resources */ = {isa = PBXBuildFile; fileRef = FADB0024260C850F00FBC4A0 /* LaunchScreen.storyboard */; };
		FADB002F260C86FF00FBC4A0 /* .travis.yml in Resources */ = {isa = PBXBuildFile; fileRef = FADB002E260C86FF00FBC4A0 /* .travis.yml */; };
		FADB0038260C890E00FBC4A0 /* AresaTests.swift in Sources */ = {isa = PBXBuildFile; fileRef = FADB0037260C890E00FBC4A0 /* AresaTests.swift */; };
/* End PBXBuildFile section */

/* Begin PBXContainerItemProxy section */
		FADB003A260C890E00FBC4A0 /* PBXContainerItemProxy */ = {
			isa = PBXContainerItemProxy;
			containerPortal = FADB000E260C850C00FBC4A0 /* Project object */;
			proxyType = 1;
			remoteGlobalIDString = FADB0015260C850C00FBC4A0;
			remoteInfo = Aresa;
		};
/* End PBXContainerItemProxy section */

/* Begin PBXFileReference section */
		FADB0016260C850C00FBC4A0 /* Aresa.app */ = {isa = PBXFileReference; explicitFileType = wrapper.application; includeInIndex = 0; path = Aresa.app; sourceTree = BUILT_PRODUCTS_DIR; };
		FADB0019260C850C00FBC4A0 /* AppDelegate.swift */ = {isa = PBXFileReference; lastKnownFileType = sourcecode.swift; path = AppDelegate.swift; sourceTree = "<group>"; };
		FADB001B260C850C00FBC4A0 /* SceneDelegate.swift */ = {isa = PBXFileReference; lastKnownFileType = sourcecode.swift; path = SceneDelegate.swift; sourceTree = "<group>"; };
		FADB001D260C850C00FBC4A0 /* ContentView.swift */ = {isa = PBXFileReference; lastKnownFileType = sourcecode.swift; path = ContentView.swift; sourceTree = "<group>"; };
		FADB001F260C850F00FBC4A0 /* Assets.xcassets */ = {isa = PBXFileReference; lastKnownFileType = folder.assetcatalog; path = Assets.xcassets; sourceTree = "<group>"; };
		FADB0022260C850F00FBC4A0 /* Preview Assets.xcassets */ = {isa = PBXFileReference; lastKnownFileType = folder.assetcatalog; path = "Preview Assets.xcassets"; sourceTree = "<group>"; };
		FADB0025260C850F00FBC4A0 /* Base */ = {isa = PBXFileReference; lastKnownFileType = file.storyboard; name = Base; path = Base.lproj/LaunchScreen.storyboard; sourceTree = "<group>"; };
		FADB0027260C850F00FBC4A0 /* Info.plist */ = {isa = PBXFileReference; lastKnownFileType = text.plist.xml; path = Info.plist; sourceTree = "<group>"; };
		FADB002E260C86FF00FBC4A0 /* .travis.yml */ = {isa = PBXFileReference; lastKnownFileType = text.yaml; path = .travis.yml; sourceTree = "<group>"; };
		FADB0035260C890D00FBC4A0 /* AresaTests.xctest */ = {isa = PBXFileReference; explicitFileType = wrapper.cfbundle; includeInIndex = 0; path = AresaTests.xctest; sourceTree = BUILT_PRODUCTS_DIR; };
		FADB0037260C890E00FBC4A0 /* AresaTests.swift */ = {isa = PBXFileReference; lastKnownFileType = sourcecode.swift; path = AresaTests.swift; sourceTree = "<group>"; };
		FADB0039260C890E00FBC4A0 /* Info.plist */ = {isa = PBXFileReference; lastKnownFileType = text.plist.xml; path = Info.plist; sourceTree = "<group>"; };
/* End PBXFileReference section */

/* Begin PBXFrameworksBuildPhase section */
		FADB0013260C850C00FBC4A0 /* Frameworks */ = {
			isa = PBXFrameworksBuildPhase;
			buildActionMask = 2147483647;
			files = (
			);
			runOnlyForDeploymentPostprocessing = 0;
		};
		FADB0032260C890D00FBC4A0 /* Frameworks */ = {
			isa = PBXFrameworksBuildPhase;
			buildActionMask = 2147483647;
			files = (
			);
			runOnlyForDeploymentPostprocessing = 0;
		};
/* End PBXFrameworksBuildPhase section */

/* Begin PBXGroup section */
		FADB000D260C850C00FBC4A0 = {
			isa = PBXGroup;
			children = (
				FADB002E260C86FF00FBC4A0 /* .travis.yml */,
				FADB0018260C850C00FBC4A0 /* Aresa */,
				FADB0036260C890E00FBC4A0 /* AresaTests */,
				FADB0017260C850C00FBC4A0 /* Products */,
			);
			sourceTree = "<group>";
		};
		FADB0017260C850C00FBC4A0 /* Products */ = {
			isa = PBXGroup;
			children = (
				FADB0016260C850C00FBC4A0 /* Aresa.app */,
				FADB0035260C890D00FBC4A0 /* AresaTests.xctest */,
			);
			name = Products;
			sourceTree = "<group>";
		};
		FADB0018260C850C00FBC4A0 /* Aresa */ = {
			isa = PBXGroup;
			children = (
				FADB0019260C850C00FBC4A0 /* AppDelegate.swift */,
				FADB001B260C850C00FBC4A0 /* SceneDelegate.swift */,
				FADB001D260C850C00FBC4A0 /* ContentView.swift */,
				FADB001F260C850F00FBC4A0 /* Assets.xcassets */,
				FADB0024260C850F00FBC4A0 /* LaunchScreen.storyboard */,
				FADB0027260C850F00FBC4A0 /* Info.plist */,
				FADB0021260C850F00FBC4A0 /* Preview Content */,
			);
			path = Aresa;
			sourceTree = "<group>";
		};
		FADB0021260C850F00FBC4A0 /* Preview Content */ = {
			isa = PBXGroup;
			children = (
				FADB0022260C850F00FBC4A0 /* Preview Assets.xcassets */,
			);
			path = "Preview Content";
			sourceTree = "<group>";
		};
		FADB0036260C890E00FBC4A0 /* AresaTests */ = {
			isa = PBXGroup;
			children = (
				FADB0037260C890E00FBC4A0 /* AresaTests.swift */,
				FADB0039260C890E00FBC4A0 /* Info.plist */,
			);
			path = AresaTests;
			sourceTree = "<group>";
		};
/* End PBXGroup section */

/* Begin PBXNativeTarget section */
		FADB0015260C850C00FBC4A0 /* Aresa */ = {
			isa = PBXNativeTarget;
			buildConfigurationList = FADB002A260C850F00FBC4A0 /* Build configuration list for PBXNativeTarget "Aresa" */;
			buildPhases = (
				FADB0012260C850C00FBC4A0 /* Sources */,
				FADB0013260C850C00FBC4A0 /* Frameworks */,
				FADB0014260C850C00FBC4A0 /* Resources */,
			);
			buildRules = (
			);
			dependencies = (
			);
			name = Aresa;
			productName = Aresa;
			productReference = FADB0016260C850C00FBC4A0 /* Aresa.app */;
			productType = "com.apple.product-type.application";
		};
		FADB0034260C890D00FBC4A0 /* AresaTests */ = {
			isa = PBXNativeTarget;
			buildConfigurationList = FADB003C260C890E00FBC4A0 /* Build configuration list for PBXNativeTarget "AresaTests" */;
			buildPhases = (
				FADB0031260C890D00FBC4A0 /* Sources */,
				FADB0032260C890D00FBC4A0 /* Frameworks */,
				FADB0033260C890D00FBC4A0 /* Resources */,
			);
			buildRules = (
			);
			dependencies = (
				FADB003B260C890E00FBC4A0 /* PBXTargetDependency */,
			);
			name = AresaTests;
			productName = AresaTests;
			productReference = FADB0035260C890D00FBC4A0 /* AresaTests.xctest */;
			productType = "com.apple.product-type.bundle.unit-test";
		};
/* End PBXNativeTarget section */

/* Begin PBXProject section */
		FADB000E260C850C00FBC4A0 /* Project object */ = {
			isa = PBXProject;
			attributes = {
				LastSwiftUpdateCheck = 1230;
				LastUpgradeCheck = 1230;
				TargetAttributes = {
					FADB0015260C850C00FBC4A0 = {
						CreatedOnToolsVersion = 12.3;
					};
					FADB0034260C890D00FBC4A0 = {
						CreatedOnToolsVersion = 12.3;
						TestTargetID = FADB0015260C850C00FBC4A0;
					};
				};
			};
			buildConfigurationList = FADB0011260C850C00FBC4A0 /* Build configuration list for PBXProject "Aresa" */;
			compatibilityVersion = "Xcode 9.3";
			developmentRegion = en;
			hasScannedForEncodings = 0;
			knownRegions = (
				en,
				Base,
			);
			mainGroup = FADB000D260C850C00FBC4A0;
			productRefGroup = FADB0017260C850C00FBC4A0 /* Products */;
			projectDirPath = "";
			projectRoot = "";
			targets = (
				FADB0015260C850C00FBC4A0 /* Aresa */,
				FADB0034260C890D00FBC4A0 /* AresaTests */,
			);
		};
/* End PBXProject section */

/* Begin PBXResourcesBuildPhase section */
		FADB0014260C850C00FBC4A0 /* Resources */ = {
			isa = PBXResourcesBuildPhase;
			buildActionMask = 2147483647;
			files = (
				FADB0026260C850F00FBC4A0 /* LaunchScreen.storyboard in Resources */,
				FADB0023260C850F00FBC4A0 /* Preview Assets.xcassets in Resources */,
				FADB002F260C86FF00FBC4A0 /* .travis.yml in Resources */,
				FADB0020260C850F00FBC4A0 /* Assets.xcassets in Resources */,
			);
			runOnlyForDeploymentPostprocessing = 0;
		};
		FADB0033260C890D00FBC4A0 /* Resources */ = {
			isa = PBXResourcesBuildPhase;
			buildActionMask = 2147483647;
			files = (
			);
			runOnlyForDeploymentPostprocessing = 0;
		};
/* End PBXResourcesBuildPhase section */

/* Begin PBXSourcesBuildPhase section */
		FADB0012260C850C00FBC4A0 /* Sources */ = {
			isa = PBXSourcesBuildPhase;
			buildActionMask = 2147483647;
			files = (
				FADB001A260C850C00FBC4A0 /* AppDelegate.swift in Sources */,
				FADB001C260C850C00FBC4A0 /* SceneDelegate.swift in Sources */,
				FADB001E260C850C00FBC4A0 /* ContentView.swift in Sources */,
			);
			runOnlyForDeploymentPostprocessing = 0;
		};
		FADB0031260C890D00FBC4A0 /* Sources */ = {
			isa = PBXSourcesBuildPhase;
			buildActionMask = 2147483647;
			files = (
				FADB0038260C890E00FBC4A0 /* AresaTests.swift in Sources */,
			);
			runOnlyForDeploymentPostprocessing = 0;
		};
/* End PBXSourcesBuildPhase section */

/* Begin PBXTargetDependency section */
		FADB003B260C890E00FBC4A0 /* PBXTargetDependency */ = {
			isa = PBXTargetDependency;
			target = FADB0015260C850C00FBC4A0 /* Aresa */;
			targetProxy = FADB003A260C890E00FBC4A0 /* PBXContainerItemProxy */;
		};
/* End PBXTargetDependency section */

/* Begin PBXVariantGroup section */
		FADB0024260C850F00FBC4A0 /* LaunchScreen.storyboard */ = {
			isa = PBXVariantGroup;
			children = (
				FADB0025260C850F00FBC4A0 /* Base */,
			);
			name = LaunchScreen.storyboard;
			sourceTree = "<group>";
		};
/* End PBXVariantGroup section */

/* Begin XCBuildConfiguration section */
		FADB0028260C850F00FBC4A0 /* Debug */ = {
			isa = XCBuildConfiguration;
			buildSettings = {
				ALWAYS_SEARCH_USER_PATHS = NO;
				CLANG_ANALYZER_NONNULL = YES;
				CLANG_ANALYZER_NUMBER_OBJECT_CONVERSION = YES_AGGRESSIVE;
				CLANG_CXX_LANGUAGE_STANDARD = "gnu++14";
				CLANG_CXX_LIBRARY = "libc++";
				CLANG_ENABLE_MODULES = YES;
				CLANG_ENABLE_OBJC_ARC = YES;
				CLANG_ENABLE_OBJC_WEAK = YES;
				CLANG_WARN_BLOCK_CAPTURE_AUTORELEASING = YES;
				CLANG_WARN_BOOL_CONVERSION = YES;
				CLANG_WARN_COMMA = YES;
				CLANG_WARN_CONSTANT_CONVERSION = YES;
				CLANG_WARN_DEPRECATED_OBJC_IMPLEMENTATIONS = YES;
				CLANG_WARN_DIRECT_OBJC_ISA_USAGE = YES_ERROR;
				CLANG_WARN_DOCUMENTATION_COMMENTS = YES;
				CLANG_WARN_EMPTY_BODY = YES;
				CLANG_WARN_ENUM_CONVERSION = YES;
				CLANG_WARN_INFINITE_RECURSION = YES;
				CLANG_WARN_INT_CONVERSION = YES;
				CLANG_WARN_NON_LITERAL_NULL_CONVERSION = YES;
				CLANG_WARN_OBJC_IMPLICIT_RETAIN_SELF = YES;
				CLANG_WARN_OBJC_LITERAL_CONVERSION = YES;
				CLANG_WARN_OBJC_ROOT_CLASS = YES_ERROR;
				CLANG_WARN_QUOTED_INCLUDE_IN_FRAMEWORK_HEADER = YES;
				CLANG_WARN_RANGE_LOOP_ANALYSIS = YES;
				CLANG_WARN_STRICT_PROTOTYPES = YES;
				CLANG_WARN_SUSPICIOUS_MOVE = YES;
				CLANG_WARN_UNGUARDED_AVAILABILITY = YES_AGGRESSIVE;
				CLANG_WARN_UNREACHABLE_CODE = YES;
				CLANG_WARN__DUPLICATE_METHOD_MATCH = YES;
				COPY_PHASE_STRIP = NO;
				DEBUG_INFORMATION_FORMAT = dwarf;
				ENABLE_STRICT_OBJC_MSGSEND = YES;
				ENABLE_TESTABILITY = YES;
				GCC_C_LANGUAGE_STANDARD = gnu11;
				GCC_DYNAMIC_NO_PIC = NO;
				GCC_NO_COMMON_BLOCKS = YES;
				GCC_OPTIMIZATION_LEVEL = 0;
				GCC_PREPROCESSOR_DEFINITIONS = (
					"DEBUG=1",
					"$(inherited)",
				);
				GCC_WARN_64_TO_32_BIT_CONVERSION = YES;
				GCC_WARN_ABOUT_RETURN_TYPE = YES_ERROR;
				GCC_WARN_UNDECLARED_SELECTOR = YES;
				GCC_WARN_UNINITIALIZED_AUTOS = YES_AGGRESSIVE;
				GCC_WARN_UNUSED_FUNCTION = YES;
				GCC_WARN_UNUSED_VARIABLE = YES;
				IPHONEOS_DEPLOYMENT_TARGET = 14.3;
				MTL_ENABLE_DEBUG_INFO = INCLUDE_SOURCE;
				MTL_FAST_MATH = YES;
				ONLY_ACTIVE_ARCH = YES;
				SDKROOT = iphoneos;
				SWIFT_ACTIVE_COMPILATION_CONDITIONS = DEBUG;
				SWIFT_OPTIMIZATION_LEVEL = "-Onone";
			};
			name = Debug;
		};
		FADB0029260C850F00FBC4A0 /* Release */ = {
			isa = XCBuildConfiguration;
			buildSettings = {
				ALWAYS_SEARCH_USER_PATHS = NO;
				CLANG_ANALYZER_NONNULL = YES;
				CLANG_ANALYZER_NUMBER_OBJECT_CONVERSION = YES_AGGRESSIVE;
				CLANG_CXX_LANGUAGE_STANDARD = "gnu++14";
				CLANG_CXX_LIBRARY = "libc++";
				CLANG_ENABLE_MODULES = YES;
				CLANG_ENABLE_OBJC_ARC = YES;
				CLANG_ENABLE_OBJC_WEAK = YES;
				CLANG_WARN_BLOCK_CAPTURE_AUTORELEASING = YES;
				CLANG_WARN_BOOL_CONVERSION = YES;
				CLANG_WARN_COMMA = YES;
				CLANG_WARN_CONSTANT_CONVERSION = YES;
				CLANG_WARN_DEPRECATED_OBJC_IMPLEMENTATIONS = YES;
				CLANG_WARN_DIRECT_OBJC_ISA_USAGE = YES_ERROR;
				CLANG_WARN_DOCUMENTATION_COMMENTS = YES;
				CLANG_WARN_EMPTY_BODY = YES;
				CLANG_WARN_ENUM_CONVERSION = YES;
				CLANG_WARN_INFINITE_RECURSION = YES;
				CLANG_WARN_INT_CONVERSION = YES;
				CLANG_WARN_NON_LITERAL_NULL_CONVERSION = YES;
				CLANG_WARN_OBJC_IMPLICIT_RETAIN_SELF = YES;
				CLANG_WARN_OBJC_LITERAL_CONVERSION = YES;
				CLANG_WARN_OBJC_ROOT_CLASS = YES_ERROR;
				CLANG_WARN_QUOTED_INCLUDE_IN_FRAMEWORK_HEADER = YES;
				CLANG_WARN_RANGE_LOOP_ANALYSIS = YES;
				CLANG_WARN_STRICT_PROTOTYPES = YES;
				CLANG_WARN_SUSPICIOUS_MOVE = YES;
				CLANG_WARN_UNGUARDED_AVAILABILITY = YES_AGGRESSIVE;
				CLANG_WARN_UNREACHABLE_CODE = YES;
				CLANG_WARN__DUPLICATE_METHOD_MATCH = YES;
				COPY_PHASE_STRIP = NO;
				DEBUG_INFORMATION_FORMAT = "dwarf-with-dsym";
				ENABLE_NS_ASSERTIONS = NO;
				ENABLE_STRICT_OBJC_MSGSEND = YES;
				GCC_C_LANGUAGE_STANDARD = gnu11;
				GCC_NO_COMMON_BLOCKS = YES;
				GCC_WARN_64_TO_32_BIT_CONVERSION = YES;
				GCC_WARN_ABOUT_RETURN_TYPE = YES_ERROR;
				GCC_WARN_UNDECLARED_SELECTOR = YES;
				GCC_WARN_UNINITIALIZED_AUTOS = YES_AGGRESSIVE;
				GCC_WARN_UNUSED_FUNCTION = YES;
				GCC_WARN_UNUSED_VARIABLE = YES;
				IPHONEOS_DEPLOYMENT_TARGET = 14.3;
				MTL_ENABLE_DEBUG_INFO = NO;
				MTL_FAST_MATH = YES;
				SDKROOT = iphoneos;
				SWIFT_COMPILATION_MODE = wholemodule;
				SWIFT_OPTIMIZATION_LEVEL = "-O";
				VALIDATE_PRODUCT = YES;
			};
			name = Release;
		};
		FADB002B260C850F00FBC4A0 /* Debug */ = {
			isa = XCBuildConfiguration;
			buildSettings = {
				ASSETCATALOG_COMPILER_APPICON_NAME = AppIcon;
				ASSETCATALOG_COMPILER_GLOBAL_ACCENT_COLOR_NAME = AccentColor;
				CODE_SIGN_STYLE = Automatic;
				DEVELOPMENT_ASSET_PATHS = "\"Aresa/Preview Content\"";
				DEVELOPMENT_TEAM = W59APR6U5A;
				ENABLE_PREVIEWS = YES;
				INFOPLIST_FILE = Aresa/Info.plist;
				LD_RUNPATH_SEARCH_PATHS = (
					"$(inherited)",
					"@executable_path/Frameworks",
				);
				PRODUCT_BUNDLE_IDENTIFIER = com.aamaulana10.Aresa;
				PRODUCT_NAME = "$(TARGET_NAME)";
				SWIFT_VERSION = 5.0;
				TARGETED_DEVICE_FAMILY = "1,2";
			};
			name = Debug;
		};
		FADB002C260C850F00FBC4A0 /* Release */ = {
			isa = XCBuildConfiguration;
			buildSettings = {
				ASSETCATALOG_COMPILER_APPICON_NAME = AppIcon;
				ASSETCATALOG_COMPILER_GLOBAL_ACCENT_COLOR_NAME = AccentColor;
				CODE_SIGN_STYLE = Automatic;
				DEVELOPMENT_ASSET_PATHS = "\"Aresa/Preview Content\"";
				DEVELOPMENT_TEAM = W59APR6U5A;
				ENABLE_PREVIEWS = YES;
				INFOPLIST_FILE = Aresa/Info.plist;
				LD_RUNPATH_SEARCH_PATHS = (
					"$(inherited)",
					"@executable_path/Frameworks",
				);
				PRODUCT_BUNDLE_IDENTIFIER = com.aamaulana10.Aresa;
				PRODUCT_NAME = "$(TARGET_NAME)";
				SWIFT_VERSION = 5.0;
				TARGETED_DEVICE_FAMILY = "1,2";
			};
			name = Release;
		};
		FADB003D260C890E00FBC4A0 /* Debug */ = {
			isa = XCBuildConfiguration;
			buildSettings = {
				BUNDLE_LOADER = "$(TEST_HOST)";
				CODE_SIGN_STYLE = Automatic;
				DEVELOPMENT_TEAM = W59APR6U5A;
				INFOPLIST_FILE = AresaTests/Info.plist;
				LD_RUNPATH_SEARCH_PATHS = (
					"$(inherited)",
					"@executable_path/Frameworks",
					"@loader_path/Frameworks",
				);
				PRODUCT_BUNDLE_IDENTIFIER = com.aamaulana10.AresaTests;
				PRODUCT_NAME = "$(TARGET_NAME)";
				SWIFT_VERSION = 5.0;
				TARGETED_DEVICE_FAMILY = "1,2";
				TEST_HOST = "$(BUILT_PRODUCTS_DIR)/Aresa.app/Aresa";
			};
			name = Debug;
		};
		FADB003E260C890E00FBC4A0 /* Release */ = {
			isa = XCBuildConfiguration;
			buildSettings = {
				BUNDLE_LOADER = "$(TEST_HOST)";
				CODE_SIGN_STYLE = Automatic;
				DEVELOPMENT_TEAM = W59APR6U5A;
				INFOPLIST_FILE = AresaTests/Info.plist;
				LD_RUNPATH_SEARCH_PATHS = (
					"$(inherited)",
					"@executable_path/Frameworks",
					"@loader_path/Frameworks",
				);
				PRODUCT_BUNDLE_IDENTIFIER = com.aamaulana10.AresaTests;
				PRODUCT_NAME = "$(TARGET_NAME)";
				SWIFT_VERSION = 5.0;
				TARGETED_DEVICE_FAMILY = "1,2";
				TEST_HOST = "$(BUILT_PRODUCTS_DIR)/Aresa.app/Aresa";
			};
			name = Release;
		};
/* End XCBuildConfiguration section */

/* Begin XCConfigurationList section */
		FADB0011260C850C00FBC4A0 /* Build configuration list for PBXProject "Aresa" */ = {
			isa = XCConfigurationList;
			buildConfigurations = (
				FADB0028260C850F00FBC4A0 /* Debug */,
				FADB0029260C850F00FBC4A0 /* Release */,
			);
			defaultConfigurationIsVisible = 0;
			defaultConfigurationName = Release;
		};
		FADB002A260C850F00FBC4A0 /* Build configuration list for PBXNativeTarget "Aresa" */ = {
			isa = XCConfigurationList;
			buildConfigurations = (
				FADB002B260C850F00FBC4A0 /* Debug */,
				FADB002C260C850F00FBC4A0 /* Release */,
			);
			defaultConfigurationIsVisible = 0;
			defaultConfigurationName = Release;
		};
		FADB003C260C890E00FBC4A0 /* Build configuration list for PBXNativeTarget "AresaTests" */ = {
			isa = XCConfigurationList;
			buildConfigurations = (
				FADB003D260C890E00FBC4A0 /* Debug */,
				FADB003E260C890E00FBC4A0 /* Release */,
			);
			defaultConfigurationIsVisible = 0;
			defaultConfigurationName = Release;
		};
/* End XCConfigurationList section */
	};
	rootObject = FADB000E260C850C00FBC4A0 /* Project object */;
}
